
Microsoft Visual Studio Solution File, Format Version 12.00
# Visual Studio Version 17
VisualStudioVersion = 17.10.35004.147
MinimumVisualStudioVersion = 10.0.40219.1
Project("{FAE04EC0-301F-11D3-BF4B-00C04F79EFBC}") = "GruppUppgift1", "GruppUppgift1.csproj", "{10AF81B4-3188-4381-A9CC-8EBDF9D7DF1C}"
EndProject
Global
	GlobalSection(SolutionConfigurationPlatforms) = preSolution
		Debug|Any CPU = Debug|Any CPU
		Release|Any CPU = Release|Any CPU
	EndGlobalSection
	GlobalSection(ProjectConfigurationPlatforms) = postSolution
		{10AF81B4-3188-4381-A9CC-8EBDF9D7DF1C}.Debug|Any CPU.ActiveCfg = Debug|Any CPU
		{10AF81B4-3188-4381-A9CC-8EBDF9D7DF1C}.Debug|Any CPU.Build.0 = Debug|Any CPU
		{10AF81B4-3188-4381-A9CC-8EBDF9D7DF1C}.Release|Any CPU.ActiveCfg = Release|Any CPU
		{10AF81B4-3188-4381-A9CC-8EBDF9D7DF1C}.Release|Any CPU.Build.0 = Release|Any CPU
	EndGlobalSection
	GlobalSection(SolutionProperties) = preSolution
		HideSolutionNode = FALSE
	EndGlobalSection
	GlobalSection(ExtensibilityGlobals) = postSolution
		SolutionGuid = {DD26F2C1-EB5A-4229-BA03-9DF5223CC7C5}
	EndGlobalSection
EndGlobal
